
Microsoft Visual Studio Solution File, Format Version 12.00
# Visual Studio Version 16
VisualStudioVersion = 16.0.30128.74
MinimumVisualStudioVersion = 10.0.40219.1
Project("{FAE04EC0-301F-11D3-BF4B-00C04F79EFBC}") = "FanFictionWebSite", "FanFictionWebSite\FanFictionWebSite.csproj", "{8CD213D0-147E-4EC2-A78E-1C31F135FBE7}"
EndProject
Global
	GlobalSection(SolutionConfigurationPlatforms) = preSolution
		Debug|Any CPU = Debug|Any CPU
		Release|Any CPU = Release|Any CPU
	EndGlobalSection
	GlobalSection(ProjectConfigurationPlatforms) = postSolution
		{8CD213D0-147E-4EC2-A78E-1C31F135FBE7}.Debug|Any CPU.ActiveCfg = Debug|Any CPU
		{8CD213D0-147E-4EC2-A78E-1C31F135FBE7}.Debug|Any CPU.Build.0 = Debug|Any CPU
		{8CD213D0-147E-4EC2-A78E-1C31F135FBE7}.Release|Any CPU.ActiveCfg = Release|Any CPU
		{8CD213D0-147E-4EC2-A78E-1C31F135FBE7}.Release|Any CPU.Build.0 = Release|Any CPU
	EndGlobalSection
	GlobalSection(SolutionProperties) = preSolution
		HideSolutionNode = FALSE
	EndGlobalSection
	GlobalSection(ExtensibilityGlobals) = postSolution
		SolutionGuid = {44C9687A-417B-4FF9-8890-52D58BFA274D}
	EndGlobalSection
EndGlobal
